
Microsoft Visual Studio Solution File, Format Version 12.00
# Visual Studio Version 17
VisualStudioVersion = 17.11.35431.28
MinimumVisualStudioVersion = 10.0.40219.1
Project("{FAE04EC0-301F-11D3-BF4B-00C04F79EFBC}") = "AspNetCoreMvc", "AspNetCoreMvc\AspNetCoreMvc.csproj", "{92D1A14F-5D92-4DB5-BDAF-68A09A50E50D}"
EndProject
Global
	GlobalSection(SolutionConfigurationPlatforms) = preSolution
		Debug|Any CPU = Debug|Any CPU
		Release|Any CPU = Release|Any CPU
	EndGlobalSection
	GlobalSection(ProjectConfigurationPlatforms) = postSolution
		{92D1A14F-5D92-4DB5-BDAF-68A09A50E50D}.Debug|Any CPU.ActiveCfg = Debug|Any CPU
		{92D1A14F-5D92-4DB5-BDAF-68A09A50E50D}.Debug|Any CPU.Build.0 = Debug|Any CPU
		{92D1A14F-5D92-4DB5-BDAF-68A09A50E50D}.Release|Any CPU.ActiveCfg = Release|Any CPU
		{92D1A14F-5D92-4DB5-BDAF-68A09A50E50D}.Release|Any CPU.Build.0 = Release|Any CPU
	EndGlobalSection
	GlobalSection(SolutionProperties) = preSolution
		HideSolutionNode = FALSE
	EndGlobalSection
	GlobalSection(ExtensibilityGlobals) = postSolution
		SolutionGuid = {3F2ED83B-2F21-49AC-AB1F-73E5DCD676F0}
	EndGlobalSection
EndGlobal
